
Microsoft Visual Studio Solution File, Format Version 12.00
# Visual Studio Version 16
VisualStudioVersion = 16.0.29920.165
MinimumVisualStudioVersion = 10.0.40219.1
Project("{8BC9CEB8-8B4A-11D0-8D11-00A0C91BC942}") = "yilanOyunu", "yilanOyunu\yilanOyunu.vcxproj", "{572E36C0-B861-40DE-A97D-248D5B289282}"
EndProject
Global
	GlobalSection(SolutionConfigurationPlatforms) = preSolution
		Debug|x64 = Debug|x64
		Debug|x86 = Debug|x86
		Release|x64 = Release|x64
		Release|x86 = Release|x86
	EndGlobalSection
	GlobalSection(ProjectConfigurationPlatforms) = postSolution
		{572E36C0-B861-40DE-A97D-248D5B289282}.Debug|x64.ActiveCfg = Debug|x64
		{572E36C0-B861-40DE-A97D-248D5B289282}.Debug|x64.Build.0 = Debug|x64
		{572E36C0-B861-40DE-A97D-248D5B289282}.Debug|x86.ActiveCfg = Debug|Win32
		{572E36C0-B861-40DE-A97D-248D5B289282}.Debug|x86.Build.0 = Debug|Win32
		{572E36C0-B861-40DE-A97D-248D5B289282}.Release|x64.ActiveCfg = Release|x64
		{572E36C0-B861-40DE-A97D-248D5B289282}.Release|x64.Build.0 = Release|x64
		{572E36C0-B861-40DE-A97D-248D5B289282}.Release|x86.ActiveCfg = Release|Win32
		{572E36C0-B861-40DE-A97D-248D5B289282}.Release|x86.Build.0 = Release|Win32
	EndGlobalSection
	GlobalSection(SolutionProperties) = preSolution
		HideSolutionNode = FALSE
	EndGlobalSection
	GlobalSection(ExtensibilityGlobals) = postSolution
		SolutionGuid = {F70C3714-6244-436C-B193-AB23ACDF6726}
	EndGlobalSection
EndGlobal
